
Microsoft Visual Studio Solution File, Format Version 12.00
# Visual Studio Version 17
VisualStudioVersion = 17.3.32819.101
MinimumVisualStudioVersion = 10.0.40219.1
Project("{9A19103F-16F7-4668-BE54-9A1E7A4F7556}") = "PeninsulaPhysiotherapy", "PeninsulaPhysiotherapy.csproj", "{9C446D6A-77E1-44C9-8DA4-EFEFEF0BFA55}"
EndProject
Global
	GlobalSection(SolutionConfigurationPlatforms) = preSolution
		Debug|Any CPU = Debug|Any CPU
		Release|Any CPU = Release|Any CPU
	EndGlobalSection
	GlobalSection(ProjectConfigurationPlatforms) = postSolution
		{9C446D6A-77E1-44C9-8DA4-EFEFEF0BFA55}.Debug|Any CPU.ActiveCfg = Debug|Any CPU
		{9C446D6A-77E1-44C9-8DA4-EFEFEF0BFA55}.Debug|Any CPU.Build.0 = Debug|Any CPU
		{9C446D6A-77E1-44C9-8DA4-EFEFEF0BFA55}.Release|Any CPU.ActiveCfg = Release|Any CPU
		{9C446D6A-77E1-44C9-8DA4-EFEFEF0BFA55}.Release|Any CPU.Build.0 = Release|Any CPU
	EndGlobalSection
	GlobalSection(SolutionProperties) = preSolution
		HideSolutionNode = FALSE
	EndGlobalSection
	GlobalSection(ExtensibilityGlobals) = postSolution
		SolutionGuid = {2724DDA8-E095-4D7E-99FC-EFBD8BC23BF9}
	EndGlobalSection
EndGlobal
