
Microsoft Visual Studio Solution File, Format Version 12.00
# Visual Studio Version 17
VisualStudioVersion = 17.2.32630.192
MinimumVisualStudioVersion = 10.0.40219.1
Project("{FAE04EC0-301F-11D3-BF4B-00C04F79EFBC}") = "FIT5032_Studio1", "FIT5032_Studio1.csproj", "{200DAD40-8137-450E-8B46-04E8BF95055C}"
EndProject
Project("{FAE04EC0-301F-11D3-BF4B-00C04F79EFBC}") = "FIT5032_Studio1.Tests", "..\FIT5032_Studio1.Tests\FIT5032_Studio1.Tests.csproj", "{6914B5F5-1A8A-4FD8-B59A-114B547BEB40}"
EndProject
Global
	GlobalSection(SolutionConfigurationPlatforms) = preSolution
		Debug|Any CPU = Debug|Any CPU
		Release|Any CPU = Release|Any CPU
	EndGlobalSection
	GlobalSection(ProjectConfigurationPlatforms) = postSolution
		{200DAD40-8137-450E-8B46-04E8BF95055C}.Debug|Any CPU.ActiveCfg = Debug|Any CPU
		{200DAD40-8137-450E-8B46-04E8BF95055C}.Debug|Any CPU.Build.0 = Debug|Any CPU
		{200DAD40-8137-450E-8B46-04E8BF95055C}.Release|Any CPU.ActiveCfg = Release|Any CPU
		{200DAD40-8137-450E-8B46-04E8BF95055C}.Release|Any CPU.Build.0 = Release|Any CPU
		{6914B5F5-1A8A-4FD8-B59A-114B547BEB40}.Debug|Any CPU.ActiveCfg = Debug|Any CPU
		{6914B5F5-1A8A-4FD8-B59A-114B547BEB40}.Debug|Any CPU.Build.0 = Debug|Any CPU
		{6914B5F5-1A8A-4FD8-B59A-114B547BEB40}.Release|Any CPU.ActiveCfg = Release|Any CPU
		{6914B5F5-1A8A-4FD8-B59A-114B547BEB40}.Release|Any CPU.Build.0 = Release|Any CPU
	EndGlobalSection
	GlobalSection(SolutionProperties) = preSolution
		HideSolutionNode = FALSE
	EndGlobalSection
	GlobalSection(ExtensibilityGlobals) = postSolution
		SolutionGuid = {D50E2595-DFCF-455A-87ED-2A27098C574A}
	EndGlobalSection
EndGlobal
